
Microsoft Visual Studio Solution File, Format Version 12.00
# Visual Studio Version 16
VisualStudioVersion = 16.0.28803.202
MinimumVisualStudioVersion = 10.0.40219.1
Project("{FAE04EC0-301F-11D3-BF4B-00C04F79EFBC}") = "ConsoleApp2", "ConsoleApp2\ConsoleApp2.csproj", "{8DDF771C-1E5A-4467-AAA9-A05948338A19}"
EndProject
Project("{FAE04EC0-301F-11D3-BF4B-00C04F79EFBC}") = "ConsoleApp1", "ConsoleApp1\ConsoleApp1.csproj", "{690E4047-1BB1-48DE-BF57-642FCD7907E3}"
EndProject
Project("{FAE04EC0-301F-11D3-BF4B-00C04F79EFBC}") = "ConsoleApp3", "ConsoleApp3\ConsoleApp3.csproj", "{659D35A3-FDB0-4794-B768-22DF9F261465}"
EndProject
Project("{FAE04EC0-301F-11D3-BF4B-00C04F79EFBC}") = "ConsoleApp4", "ConsoleApp4\ConsoleApp4.csproj", "{FB6953A9-341D-4514-BEDA-5DA7248502D2}"
EndProject
Global
	GlobalSection(SolutionConfigurationPlatforms) = preSolution
		Debug|Any CPU = Debug|Any CPU
		Release|Any CPU = Release|Any CPU
	EndGlobalSection
	GlobalSection(ProjectConfigurationPlatforms) = postSolution
		{8DDF771C-1E5A-4467-AAA9-A05948338A19}.Debug|Any CPU.ActiveCfg = Debug|Any CPU
		{8DDF771C-1E5A-4467-AAA9-A05948338A19}.Debug|Any CPU.Build.0 = Debug|Any CPU
		{8DDF771C-1E5A-4467-AAA9-A05948338A19}.Release|Any CPU.ActiveCfg = Release|Any CPU
		{8DDF771C-1E5A-4467-AAA9-A05948338A19}.Release|Any CPU.Build.0 = Release|Any CPU
		{690E4047-1BB1-48DE-BF57-642FCD7907E3}.Debug|Any CPU.ActiveCfg = Debug|Any CPU
		{690E4047-1BB1-48DE-BF57-642FCD7907E3}.Debug|Any CPU.Build.0 = Debug|Any CPU
		{690E4047-1BB1-48DE-BF57-642FCD7907E3}.Release|Any CPU.ActiveCfg = Release|Any CPU
		{690E4047-1BB1-48DE-BF57-642FCD7907E3}.Release|Any CPU.Build.0 = Release|Any CPU
		{659D35A3-FDB0-4794-B768-22DF9F261465}.Debug|Any CPU.ActiveCfg = Debug|Any CPU
		{659D35A3-FDB0-4794-B768-22DF9F261465}.Debug|Any CPU.Build.0 = Debug|Any CPU
		{659D35A3-FDB0-4794-B768-22DF9F261465}.Release|Any CPU.ActiveCfg = Release|Any CPU
		{659D35A3-FDB0-4794-B768-22DF9F261465}.Release|Any CPU.Build.0 = Release|Any CPU
		{FB6953A9-341D-4514-BEDA-5DA7248502D2}.Debug|Any CPU.ActiveCfg = Debug|Any CPU
		{FB6953A9-341D-4514-BEDA-5DA7248502D2}.Debug|Any CPU.Build.0 = Debug|Any CPU
		{FB6953A9-341D-4514-BEDA-5DA7248502D2}.Release|Any CPU.ActiveCfg = Release|Any CPU
		{FB6953A9-341D-4514-BEDA-5DA7248502D2}.Release|Any CPU.Build.0 = Release|Any CPU
	EndGlobalSection
	GlobalSection(SolutionProperties) = preSolution
		HideSolutionNode = FALSE
	EndGlobalSection
	GlobalSection(ExtensibilityGlobals) = postSolution
		SolutionGuid = {BAA16BE6-161B-44EF-B9C8-254372493F98}
	EndGlobalSection
EndGlobal
